
Microsoft Visual Studio Solution File, Format Version 12.00
# Visual Studio Version 16
VisualStudioVersion = 16.0.31911.196
MinimumVisualStudioVersion = 10.0.40219.1
Project("{FAE04EC0-301F-11D3-BF4B-00C04F79EFBC}") = "tripwerkzDemo", "tripwerkzDemo\tripwerkzDemo.csproj", "{E3C785D5-9D11-408C-8DF7-D58E19927C86}"
EndProject
Project("{FAE04EC0-301F-11D3-BF4B-00C04F79EFBC}") = "Service", "Service\Service.csproj", "{9B24CAB7-43C0-45A4-BC3C-9AB444BC669F}"
EndProject
Project("{FAE04EC0-301F-11D3-BF4B-00C04F79EFBC}") = "Repository", "Repository\Repository.csproj", "{FE08333E-F79C-42D8-B7A3-E070E44820CC}"
EndProject
Project("{FAE04EC0-301F-11D3-BF4B-00C04F79EFBC}") = "Domain", "Domain\Domain.csproj", "{8A910BEF-343D-4878-A8E9-A0313777BFE5}"
EndProject
Global
	GlobalSection(SolutionConfigurationPlatforms) = preSolution
		Debug|Any CPU = Debug|Any CPU
		Release|Any CPU = Release|Any CPU
	EndGlobalSection
	GlobalSection(ProjectConfigurationPlatforms) = postSolution
		{E3C785D5-9D11-408C-8DF7-D58E19927C86}.Debug|Any CPU.ActiveCfg = Debug|Any CPU
		{E3C785D5-9D11-408C-8DF7-D58E19927C86}.Debug|Any CPU.Build.0 = Debug|Any CPU
		{E3C785D5-9D11-408C-8DF7-D58E19927C86}.Release|Any CPU.ActiveCfg = Release|Any CPU
		{E3C785D5-9D11-408C-8DF7-D58E19927C86}.Release|Any CPU.Build.0 = Release|Any CPU
		{9B24CAB7-43C0-45A4-BC3C-9AB444BC669F}.Debug|Any CPU.ActiveCfg = Debug|Any CPU
		{9B24CAB7-43C0-45A4-BC3C-9AB444BC669F}.Debug|Any CPU.Build.0 = Debug|Any CPU
		{9B24CAB7-43C0-45A4-BC3C-9AB444BC669F}.Release|Any CPU.ActiveCfg = Release|Any CPU
		{9B24CAB7-43C0-45A4-BC3C-9AB444BC669F}.Release|Any CPU.Build.0 = Release|Any CPU
		{FE08333E-F79C-42D8-B7A3-E070E44820CC}.Debug|Any CPU.ActiveCfg = Debug|Any CPU
		{FE08333E-F79C-42D8-B7A3-E070E44820CC}.Debug|Any CPU.Build.0 = Debug|Any CPU
		{FE08333E-F79C-42D8-B7A3-E070E44820CC}.Release|Any CPU.ActiveCfg = Release|Any CPU
		{FE08333E-F79C-42D8-B7A3-E070E44820CC}.Release|Any CPU.Build.0 = Release|Any CPU
		{8A910BEF-343D-4878-A8E9-A0313777BFE5}.Debug|Any CPU.ActiveCfg = Debug|Any CPU
		{8A910BEF-343D-4878-A8E9-A0313777BFE5}.Debug|Any CPU.Build.0 = Debug|Any CPU
		{8A910BEF-343D-4878-A8E9-A0313777BFE5}.Release|Any CPU.ActiveCfg = Release|Any CPU
		{8A910BEF-343D-4878-A8E9-A0313777BFE5}.Release|Any CPU.Build.0 = Release|Any CPU
	EndGlobalSection
	GlobalSection(SolutionProperties) = preSolution
		HideSolutionNode = FALSE
	EndGlobalSection
	GlobalSection(ExtensibilityGlobals) = postSolution
		SolutionGuid = {9AD99B02-DC82-4C67-A44B-F28B6713F280}
	EndGlobalSection
EndGlobal
